dependencies:
- name: postgresql
  repository: https://charts.bitnami.com/bitnami
  version: 12.6.4
- name: redis
  repository: https://charts.bitnami.com/bitnami
  version: 17.11.8
digest: sha256:39a0c88f7ece2fe4e09192bae204fdc5d672b3fa3269763652481ab5c1839f9d
generated: "2023-07-11T16:09:13.048594+09:00"
